// !$*UTF8*$!
{
	archiveVersion = 1;
	classes = {
	};
	objectVersion = 50;
	objects = {

/* Begin PBXBuildFile section */
		041B6EAEC808CCA10C2D87EB /* Pods_projet.framework in Frameworks */ = {isa = PBXBuildFile; fileRef = 09E997284E536C154100EAB9 /* Pods_projet.framework */; };
		EC1B3492258774FE00602F24 /* AppDelegate.swift in Sources */ = {isa = PBXBuildFile; fileRef = EC1B3491258774FE00602F24 /* AppDelegate.swift */; };
		EC1B3494258774FE00602F24 /* SceneDelegate.swift in Sources */ = {isa = PBXBuildFile; fileRef = EC1B3493258774FE00602F24 /* SceneDelegate.swift */; };
		EC1B3496258774FE00602F24 /* ViewController.swift in Sources */ = {isa = PBXBuildFile; fileRef = EC1B3495258774FE00602F24 /* ViewController.swift */; };
		EC1B3499258774FE00602F24 /* Main.storyboard in Resources */ = {isa = PBXBuildFile; fileRef = EC1B3497258774FE00602F24 /* Main.storyboard */; };
		EC1B349C258774FE00602F24 /* projet.xcdatamodeld in Sources */ = {isa = PBXBuildFile; fileRef = EC1B349A258774FE00602F24 /* projet.xcdatamodeld */; };
		EC1B349E2587750100602F24 /* Assets.xcassets in Resources */ = {isa = PBXBuildFile; fileRef = EC1B349D2587750100602F24 /* Assets.xcassets */; };
		EC1B34A12587750100602F24 /* LaunchScreen.storyboard in Resources */ = {isa = PBXBuildFile; fileRef = EC1B349F2587750100602F24 /* LaunchScreen.storyboard */; };
		EC1B34C72587E3A300602F24 /* HomeViewController.swift in Sources */ = {isa = PBXBuildFile; fileRef = EC1B34C62587E3A300602F24 /* HomeViewController.swift */; };
		EC1B34CA2587E42400602F24 /* ClientLoginViewController.swift in Sources */ = {isa = PBXBuildFile; fileRef = EC1B34C92587E42400602F24 /* ClientLoginViewController.swift */; };
		EC1B34CF2587F5F300602F24 /* ClientEspaceViewController.swift in Sources */ = {isa = PBXBuildFile; fileRef = EC1B34CE2587F5F300602F24 /* ClientEspaceViewController.swift */; };
		EC1B34D22587FA2300602F24 /* ClientData.swift in Sources */ = {isa = PBXBuildFile; fileRef = EC1B34D12587FA2300602F24 /* ClientData.swift */; };
		EC1B34D52587FA4B00602F24 /* ClientModel.swift in Sources */ = {isa = PBXBuildFile; fileRef = EC1B34D42587FA4B00602F24 /* ClientModel.swift */; };
		EC2049AB2593D9D900468313 /* CourantDeposerViewController.swift in Sources */ = {isa = PBXBuildFile; fileRef = EC2049AA2593D9D900468313 /* CourantDeposerViewController.swift */; };
		EC2049AE2593D9F400468313 /* CourantRetirerViewController.swift in Sources */ = {isa = PBXBuildFile; fileRef = EC2049AD2593D9F400468313 /* CourantRetirerViewController.swift */; };
		EC3A6614259D228C00DAE3DE /* ConseillerModel.swift in Sources */ = {isa = PBXBuildFile; fileRef = EC3A6613259D228C00DAE3DE /* ConseillerModel.swift */; };
		EC3A6618259D22C000DAE3DE /* ConseillerData.swift in Sources */ = {isa = PBXBuildFile; fileRef = EC3A6617259D22C000DAE3DE /* ConseillerData.swift */; };
		EC3C1A37258D3A7900E0802D /* Extension.swift in Sources */ = {isa = PBXBuildFile; fileRef = EC3C1A36258D3A7900E0802D /* Extension.swift */; };
		EC3C1A3A258D3BC100E0802D /* ClientEspaceCell.swift in Sources */ = {isa = PBXBuildFile; fileRef = EC3C1A39258D3BC100E0802D /* ClientEspaceCell.swift */; };
		EC5EA80C258E53A400D51540 /* ConseillerLoginViewController.swift in Sources */ = {isa = PBXBuildFile; fileRef = EC5EA80B258E53A400D51540 /* ConseillerLoginViewController.swift */; };
		EC5EA813258E8B1F00D51540 /* CompteCourantData.swift in Sources */ = {isa = PBXBuildFile; fileRef = EC5EA812258E8B1F00D51540 /* CompteCourantData.swift */; };
		EC5EA816258E8B9A00D51540 /* CompteCourantModel.swift in Sources */ = {isa = PBXBuildFile; fileRef = EC5EA815258E8B9A00D51540 /* CompteCourantModel.swift */; };
		EC5EA819258E9BFB00D51540 /* CompteCourantCell.swift in Sources */ = {isa = PBXBuildFile; fileRef = EC5EA818258E9BFB00D51540 /* CompteCourantCell.swift */; };
		EC9E0E30258BDB7100C08794 /* ClientComptesData.swift in Sources */ = {isa = PBXBuildFile; fileRef = EC9E0E2F258BDB7100C08794 /* ClientComptesData.swift */; };
		EC9E0E33258BDBD000C08794 /* ClientComptesModel.swift in Sources */ = {isa = PBXBuildFile; fileRef = EC9E0E32258BDBD000C08794 /* ClientComptesModel.swift */; };
		EC9E0E3E258BF13200C08794 /* CompteCourantViewController.swift in Sources */ = {isa = PBXBuildFile; fileRef = EC9E0E3D258BF13200C08794 /* CompteCourantViewController.swift */; };
/* End PBXBuildFile section */

/* Begin PBXFileReference section */
		09E997284E536C154100EAB9 /* Pods_projet.framework */ = {isa = PBXFileReference; explicitFileType = wrapper.framework; includeInIndex = 0; path = Pods_projet.framework; sourceTree = BUILT_PRODUCTS_DIR; };
		2CEDA23BBC320936419404C3 /* Pods-projet.release.xcconfig */ = {isa = PBXFileReference; includeInIndex = 1; lastKnownFileType = text.xcconfig; name = "Pods-projet.release.xcconfig"; path = "Target Support Files/Pods-projet/Pods-projet.release.xcconfig"; sourceTree = "<group>"; };
		EC1B348E258774FE00602F24 /* projet.app */ = {isa = PBXFileReference; explicitFileType = wrapper.application; includeInIndex = 0; path = projet.app; sourceTree = BUILT_PRODUCTS_DIR; };
		EC1B3491258774FE00602F24 /* AppDelegate.swift */ = {isa = PBXFileReference; lastKnownFileType = sourcecode.swift; path = AppDelegate.swift; sourceTree = "<group>"; };
		EC1B3493258774FE00602F24 /* SceneDelegate.swift */ = {isa = PBXFileReference; lastKnownFileType = sourcecode.swift; path = SceneDelegate.swift; sourceTree = "<group>"; };
		EC1B3495258774FE00602F24 /* ViewController.swift */ = {isa = PBXFileReference; lastKnownFileType = sourcecode.swift; path = ViewController.swift; sourceTree = "<group>"; };
		EC1B3498258774FE00602F24 /* Base */ = {isa = PBXFileReference; lastKnownFileType = file.storyboard; name = Base; path = Base.lproj/Main.storyboard; sourceTree = "<group>"; };
		EC1B349B258774FE00602F24 /* projet.xcdatamodel */ = {isa = PBXFileReference; lastKnownFileType = wrapper.xcdatamodel; path = projet.xcdatamodel; sourceTree = "<group>"; };
		EC1B349D2587750100602F24 /* Assets.xcassets */ = {isa = PBXFileReference; lastKnownFileType = folder.assetcatalog; path = Assets.xcassets; sourceTree = "<group>"; };
		EC1B34A02587750100602F24 /* Base */ = {isa = PBXFileReference; lastKnownFileType = file.storyboard; name = Base; path = Base.lproj/LaunchScreen.storyboard; sourceTree = "<group>"; };
		EC1B34A22587750100602F24 /* Info.plist */ = {isa = PBXFileReference; lastKnownFileType = text.plist.xml; path = Info.plist; sourceTree = "<group>"; };
		EC1B34C62587E3A300602F24 /* HomeViewController.swift */ = {isa = PBXFileReference; lastKnownFileType = sourcecode.swift; path = HomeViewController.swift; sourceTree = "<group>"; };
		EC1B34C92587E42400602F24 /* ClientLoginViewController.swift */ = {isa = PBXFileReference; lastKnownFileType = sourcecode.swift; name = ClientLoginViewController.swift; path = projet/Storyboard/ClientLoginViewController.swift; sourceTree = SOURCE_ROOT; };
		EC1B34CE2587F5F300602F24 /* ClientEspaceViewController.swift */ = {isa = PBXFileReference; lastKnownFileType = sourcecode.swift; name = ClientEspaceViewController.swift; path = projet/Storyboard/ClientEspaceViewController.swift; sourceTree = SOURCE_ROOT; };
		EC1B34D12587FA2300602F24 /* ClientData.swift */ = {isa = PBXFileReference; lastKnownFileType = sourcecode.swift; path = ClientData.swift; sourceTree = "<group>"; };
		EC1B34D42587FA4B00602F24 /* ClientModel.swift */ = {isa = PBXFileReference; lastKnownFileType = sourcecode.swift; path = ClientModel.swift; sourceTree = "<group>"; };
		EC2049AA2593D9D900468313 /* CourantDeposerViewController.swift */ = {isa = PBXFileReference; lastKnownFileType = sourcecode.swift; path = CourantDeposerViewController.swift; sourceTree = "<group>"; };
		EC2049AD2593D9F400468313 /* CourantRetirerViewController.swift */ = {isa = PBXFileReference; lastKnownFileType = sourcecode.swift; path = CourantRetirerViewController.swift; sourceTree = "<group>"; };
		EC3A6613259D228C00DAE3DE /* ConseillerModel.swift */ = {isa = PBXFileReference; lastKnownFileType = sourcecode.swift; path = ConseillerModel.swift; sourceTree = "<group>"; };
		EC3A6617259D22C000DAE3DE /* ConseillerData.swift */ = {isa = PBXFileReference; lastKnownFileType = sourcecode.swift; path = ConseillerData.swift; sourceTree = "<group>"; };
		EC3C1A36258D3A7900E0802D /* Extension.swift */ = {isa = PBXFileReference; lastKnownFileType = sourcecode.swift; path = Extension.swift; sourceTree = "<group>"; };
		EC3C1A39258D3BC100E0802D /* ClientEspaceCell.swift */ = {isa = PBXFileReference; lastKnownFileType = sourcecode.swift; path = ClientEspaceCell.swift; sourceTree = "<group>"; };
		EC5EA80B258E53A400D51540 /* ConseillerLoginViewController.swift */ = {isa = PBXFileReference; lastKnownFileType = sourcecode.swift; path = ConseillerLoginViewController.swift; sourceTree = "<group>"; };
		EC5EA812258E8B1F00D51540 /* CompteCourantData.swift */ = {isa = PBXFileReference; lastKnownFileType = sourcecode.swift; path = CompteCourantData.swift; sourceTree = "<group>"; };
		EC5EA815258E8B9A00D51540 /* CompteCourantModel.swift */ = {isa = PBXFileReference; lastKnownFileType = sourcecode.swift; path = CompteCourantModel.swift; sourceTree = "<group>"; };
		EC5EA818258E9BFB00D51540 /* CompteCourantCell.swift */ = {isa = PBXFileReference; lastKnownFileType = sourcecode.swift; path = CompteCourantCell.swift; sourceTree = "<group>"; };
		EC9E0E2F258BDB7100C08794 /* ClientComptesData.swift */ = {isa = PBXFileReference; lastKnownFileType = sourcecode.swift; path = ClientComptesData.swift; sourceTree = "<group>"; };
		EC9E0E32258BDBD000C08794 /* ClientComptesModel.swift */ = {isa = PBXFileReference; lastKnownFileType = sourcecode.swift; path = ClientComptesModel.swift; sourceTree = "<group>"; };
		EC9E0E3D258BF13200C08794 /* CompteCourantViewController.swift */ = {isa = PBXFileReference; lastKnownFileType = sourcecode.swift; path = CompteCourantViewController.swift; sourceTree = "<group>"; };
		F8EA4CCC4105A6290DB06DF1 /* Pods-projet.debug.xcconfig */ = {isa = PBXFileReference; includeInIndex = 1; lastKnownFileType = text.xcconfig; name = "Pods-projet.debug.xcconfig"; path = "Target Support Files/Pods-projet/Pods-projet.debug.xcconfig"; sourceTree = "<group>"; };
/* End PBXFileReference section */

/* Begin PBXFrameworksBuildPhase section */
		EC1B348B258774FE00602F24 /* Frameworks */ = {
			isa = PBXFrameworksBuildPhase;
			buildActionMask = 2147483647;
			files = (
				041B6EAEC808CCA10C2D87EB /* Pods_projet.framework in Frameworks */,
			);
			runOnlyForDeploymentPostprocessing = 0;
		};
/* End PBXFrameworksBuildPhase section */

/* Begin PBXGroup section */
		EC1B3485258774FE00602F24 = {
			isa = PBXGroup;
			children = (
				EC1B3490258774FE00602F24 /* projet */,
				EC1B348F258774FE00602F24 /* Products */,
				ECFD65F42594DBC400360B62 /* Frameworks */,
				F3DBB907C2672EC6BDA59829 /* Pods */,
			);
			sourceTree = "<group>";
		};
		EC1B348F258774FE00602F24 /* Products */ = {
			isa = PBXGroup;
			children = (
				EC1B348E258774FE00602F24 /* projet.app */,
			);
			name = Products;
			sourceTree = "<group>";
		};
		EC1B3490258774FE00602F24 /* projet */ = {
			isa = PBXGroup;
			children = (
				EC1B34B125877BA200602F24 /* Data */,
				EC1B34AA2587791D00602F24 /* Model */,
				EC1B34AB2587792300602F24 /* Controller */,
				EC1B34AF25877ABE00602F24 /* View */,
				EC1B34A9258778EA00602F24 /* Storyboard */,
				EC1B3491258774FE00602F24 /* AppDelegate.swift */,
				EC1B3493258774FE00602F24 /* SceneDelegate.swift */,
				EC1B349D2587750100602F24 /* Assets.xcassets */,
				EC1B34A22587750100602F24 /* Info.plist */,
				EC1B349A258774FE00602F24 /* projet.xcdatamodeld */,
			);
			path = projet;
			sourceTree = "<group>";
		};
		EC1B34A9258778EA00602F24 /* Storyboard */ = {
			isa = PBXGroup;
			children = (
				EC1B349F2587750100602F24 /* LaunchScreen.storyboard */,
				EC1B3497258774FE00602F24 /* Main.storyboard */,
			);
			path = Storyboard;
			sourceTree = "<group>";
		};
		EC1B34AA2587791D00602F24 /* Model */ = {
			isa = PBXGroup;
			children = (
				EC1B34D42587FA4B00602F24 /* ClientModel.swift */,
				EC9E0E32258BDBD000C08794 /* ClientComptesModel.swift */,
				EC5EA815258E8B9A00D51540 /* CompteCourantModel.swift */,
				EC3A6613259D228C00DAE3DE /* ConseillerModel.swift */,
			);
			path = Model;
			sourceTree = "<group>";
		};
		EC1B34AB2587792300602F24 /* Controller */ = {
			isa = PBXGroup;
			children = (
				EC9E0E3D258BF13200C08794 /* CompteCourantViewController.swift */,
				EC1B34CE2587F5F300602F24 /* ClientEspaceViewController.swift */,
				EC1B34C92587E42400602F24 /* ClientLoginViewController.swift */,
				EC1B34C62587E3A300602F24 /* HomeViewController.swift */,
				EC1B3495258774FE00602F24 /* ViewController.swift */,
				EC3C1A36258D3A7900E0802D /* Extension.swift */,
				EC5EA80B258E53A400D51540 /* ConseillerLoginViewController.swift */,
				EC2049AA2593D9D900468313 /* CourantDeposerViewController.swift */,
				EC2049AD2593D9F400468313 /* CourantRetirerViewController.swift */,
			);
			path = Controller;
			sourceTree = "<group>";
		};
		EC1B34AF25877ABE00602F24 /* View */ = {
			isa = PBXGroup;
			children = (
				EC3C1A39258D3BC100E0802D /* ClientEspaceCell.swift */,
				EC5EA818258E9BFB00D51540 /* CompteCourantCell.swift */,
			);
			path = View;
			sourceTree = "<group>";
		};
		EC1B34B125877BA200602F24 /* Data */ = {
			isa = PBXGroup;
			children = (
				EC1B34D12587FA2300602F24 /* ClientData.swift */,
				EC9E0E2F258BDB7100C08794 /* ClientComptesData.swift */,
				EC5EA812258E8B1F00D51540 /* CompteCourantData.swift */,
				EC3A6617259D22C000DAE3DE /* ConseillerData.swift */,
			);
			path = Data;
			sourceTree = "<group>";
		};
		ECFD65F42594DBC400360B62 /* Frameworks */ = {
			isa = PBXGroup;
			children = (
				09E997284E536C154100EAB9 /* Pods_projet.framework */,
			);
			name = Frameworks;
			sourceTree = "<group>";
		};
		F3DBB907C2672EC6BDA59829 /* Pods */ = {
			isa = PBXGroup;
			children = (
				F8EA4CCC4105A6290DB06DF1 /* Pods-projet.debug.xcconfig */,
				2CEDA23BBC320936419404C3 /* Pods-projet.release.xcconfig */,
			);
			path = Pods;
			sourceTree = "<group>";
		};
/* End PBXGroup section */

/* Begin PBXNativeTarget section */
		EC1B348D258774FE00602F24 /* projet */ = {
			isa = PBXNativeTarget;
			buildConfigurationList = EC1B34A52587750100602F24 /* Build configuration list for PBXNativeTarget "projet" */;
			buildPhases = (
				5EAF2FE5EE4D98179D5056B6 /* [CP] Check Pods Manifest.lock */,
				EC1B348A258774FE00602F24 /* Sources */,
				EC1B348B258774FE00602F24 /* Frameworks */,
				EC1B348C258774FE00602F24 /* Resources */,
			);
			buildRules = (
			);
			dependencies = (
			);
			name = projet;
			productName = projet;
			productReference = EC1B348E258774FE00602F24 /* projet.app */;
			productType = "com.apple.product-type.application";
		};
/* End PBXNativeTarget section */

/* Begin PBXProject section */
		EC1B3486258774FE00602F24 /* Project object */ = {
			isa = PBXProject;
			attributes = {
				LastSwiftUpdateCheck = 1220;
				LastUpgradeCheck = 1220;
				TargetAttributes = {
					EC1B348D258774FE00602F24 = {
						CreatedOnToolsVersion = 12.2;
					};
				};
			};
			buildConfigurationList = EC1B3489258774FE00602F24 /* Build configuration list for PBXProject "projet" */;
			compatibilityVersion = "Xcode 9.3";
			developmentRegion = en;
			hasScannedForEncodings = 0;
			knownRegions = (
				en,
				Base,
			);
			mainGroup = EC1B3485258774FE00602F24;
			productRefGroup = EC1B348F258774FE00602F24 /* Products */;
			projectDirPath = "";
			projectRoot = "";
			targets = (
				EC1B348D258774FE00602F24 /* projet */,
			);
		};
/* End PBXProject section */

/* Begin PBXResourcesBuildPhase section */
		EC1B348C258774FE00602F24 /* Resources */ = {
			isa = PBXResourcesBuildPhase;
			buildActionMask = 2147483647;
			files = (
				EC1B34A12587750100602F24 /* LaunchScreen.storyboard in Resources */,
				EC1B349E2587750100602F24 /* Assets.xcassets in Resources */,
				EC1B3499258774FE00602F24 /* Main.storyboard in Resources */,
			);
			runOnlyForDeploymentPostprocessing = 0;
		};
/* End PBXResourcesBuildPhase section */

/* Begin PBXShellScriptBuildPhase section */
		5EAF2FE5EE4D98179D5056B6 /* [CP] Check Pods Manifest.lock */ = {
			isa = PBXShellScriptBuildPhase;
			buildActionMask = 2147483647;
			files = (
			);
			inputFileListPaths = (
			);
			inputPaths = (
				"${PODS_PODFILE_DIR_PATH}/Podfile.lock",
				"${PODS_ROOT}/Manifest.lock",
			);
			name = "[CP] Check Pods Manifest.lock";
			outputFileListPaths = (
			);
			outputPaths = (
				"$(DERIVED_FILE_DIR)/Pods-projet-checkManifestLockResult.txt",
			);
			runOnlyForDeploymentPostprocessing = 0;
			shellPath = /bin/sh;
			shellScript = "diff \"${PODS_PODFILE_DIR_PATH}/Podfile.lock\" \"${PODS_ROOT}/Manifest.lock\" > /dev/null\nif [ $? != 0 ] ; then\n    # print error to STDERR\n    echo \"error: The sandbox is not in sync with the Podfile.lock. Run 'pod install' or update your CocoaPods installation.\" >&2\n    exit 1\nfi\n# This output is used by Xcode 'outputs' to avoid re-running this script phase.\necho \"SUCCESS\" > \"${SCRIPT_OUTPUT_FILE_0}\"\n";
			showEnvVarsInLog = 0;
		};
/* End PBXShellScriptBuildPhase section */

/* Begin PBXSourcesBuildPhase section */
		EC1B348A258774FE00602F24 /* Sources */ = {
			isa = PBXSourcesBuildPhase;
			buildActionMask = 2147483647;
			files = (
				EC5EA813258E8B1F00D51540 /* CompteCourantData.swift in Sources */,
				EC1B34CA2587E42400602F24 /* ClientLoginViewController.swift in Sources */,
				EC1B3496258774FE00602F24 /* ViewController.swift in Sources */,
				EC1B34D52587FA4B00602F24 /* ClientModel.swift in Sources */,
				EC1B34CF2587F5F300602F24 /* ClientEspaceViewController.swift in Sources */,
				EC5EA816258E8B9A00D51540 /* CompteCourantModel.swift in Sources */,
				EC2049AB2593D9D900468313 /* CourantDeposerViewController.swift in Sources */,
				EC3A6618259D22C000DAE3DE /* ConseillerData.swift in Sources */,
				EC5EA819258E9BFB00D51540 /* CompteCourantCell.swift in Sources */,
				EC9E0E30258BDB7100C08794 /* ClientComptesData.swift in Sources */,
				EC2049AE2593D9F400468313 /* CourantRetirerViewController.swift in Sources */,
				EC3A6614259D228C00DAE3DE /* ConseillerModel.swift in Sources */,
				EC1B34C72587E3A300602F24 /* HomeViewController.swift in Sources */,
				EC9E0E33258BDBD000C08794 /* ClientComptesModel.swift in Sources */,
				EC1B3492258774FE00602F24 /* AppDelegate.swift in Sources */,
				EC1B3494258774FE00602F24 /* SceneDelegate.swift in Sources */,
				EC5EA80C258E53A400D51540 /* ConseillerLoginViewController.swift in Sources */,
				EC3C1A3A258D3BC100E0802D /* ClientEspaceCell.swift in Sources */,
				EC3C1A37258D3A7900E0802D /* Extension.swift in Sources */,
				EC9E0E3E258BF13200C08794 /* CompteCourantViewController.swift in Sources */,
				EC1B34D22587FA2300602F24 /* ClientData.swift in Sources */,
				EC1B349C258774FE00602F24 /* projet.xcdatamodeld in Sources */,
			);
			runOnlyForDeploymentPostprocessing = 0;
		};
/* End PBXSourcesBuildPhase section */

/* Begin PBXVariantGroup section */
		EC1B3497258774FE00602F24 /* Main.storyboard */ = {
			isa = PBXVariantGroup;
			children = (
				EC1B3498258774FE00602F24 /* Base */,
			);
			name = Main.storyboard;
			sourceTree = "<group>";
		};
		EC1B349F2587750100602F24 /* LaunchScreen.storyboard */ = {
			isa = PBXVariantGroup;
			children = (
				EC1B34A02587750100602F24 /* Base */,
			);
			name = LaunchScreen.storyboard;
			sourceTree = "<group>";
		};
/* End PBXVariantGroup section */

/* Begin XCBuildConfiguration section */
		EC1B34A32587750100602F24 /* Debug */ = {
			isa = XCBuildConfiguration;
			buildSettings = {
				ALWAYS_SEARCH_USER_PATHS = NO;
				CLANG_ANALYZER_NONNULL = YES;
				CLANG_ANALYZER_NUMBER_OBJECT_CONVERSION = YES_AGGRESSIVE;
				CLANG_CXX_LANGUAGE_STANDARD = "gnu++14";
				CLANG_CXX_LIBRARY = "libc++";
				CLANG_ENABLE_MODULES = YES;
				CLANG_ENABLE_OBJC_ARC = YES;
				CLANG_ENABLE_OBJC_WEAK = YES;
				CLANG_WARN_BLOCK_CAPTURE_AUTORELEASING = YES;
				CLANG_WARN_BOOL_CONVERSION = YES;
				CLANG_WARN_COMMA = YES;
				CLANG_WARN_CONSTANT_CONVERSION = YES;
				CLANG_WARN_DEPRECATED_OBJC_IMPLEMENTATIONS = YES;
				CLANG_WARN_DIRECT_OBJC_ISA_USAGE = YES_ERROR;
				CLANG_WARN_DOCUMENTATION_COMMENTS = YES;
				CLANG_WARN_EMPTY_BODY = YES;
				CLANG_WARN_ENUM_CONVERSION = YES;
				CLANG_WARN_INFINITE_RECURSION = YES;
				CLANG_WARN_INT_CONVERSION = YES;
				CLANG_WARN_NON_LITERAL_NULL_CONVERSION = YES;
				CLANG_WARN_OBJC_IMPLICIT_RETAIN_SELF = YES;
				CLANG_WARN_OBJC_LITERAL_CONVERSION = YES;
				CLANG_WARN_OBJC_ROOT_CLASS = YES_ERROR;
				CLANG_WARN_QUOTED_INCLUDE_IN_FRAMEWORK_HEADER = YES;
				CLANG_WARN_RANGE_LOOP_ANALYSIS = YES;
				CLANG_WARN_STRICT_PROTOTYPES = YES;
				CLANG_WARN_SUSPICIOUS_MOVE = YES;
				CLANG_WARN_UNGUARDED_AVAILABILITY = YES_AGGRESSIVE;
				CLANG_WARN_UNREACHABLE_CODE = YES;
				CLANG_WARN__DUPLICATE_METHOD_MATCH = YES;
				COPY_PHASE_STRIP = NO;
				DEBUG_INFORMATION_FORMAT = dwarf;
				ENABLE_STRICT_OBJC_MSGSEND = YES;
				ENABLE_TESTABILITY = YES;
				GCC_C_LANGUAGE_STANDARD = gnu11;
				GCC_DYNAMIC_NO_PIC = NO;
				GCC_NO_COMMON_BLOCKS = YES;
				GCC_OPTIMIZATION_LEVEL = 0;
				GCC_PREPROCESSOR_DEFINITIONS = (
					"DEBUG=1",
					"$(inherited)",
				);
				GCC_WARN_64_TO_32_BIT_CONVERSION = YES;
				GCC_WARN_ABOUT_RETURN_TYPE = YES_ERROR;
				GCC_WARN_UNDECLARED_SELECTOR = YES;
				GCC_WARN_UNINITIALIZED_AUTOS = YES_AGGRESSIVE;
				GCC_WARN_UNUSED_FUNCTION = YES;
				GCC_WARN_UNUSED_VARIABLE = YES;
				IPHONEOS_DEPLOYMENT_TARGET = 14.2;
				MTL_ENABLE_DEBUG_INFO = INCLUDE_SOURCE;
				MTL_FAST_MATH = YES;
				ONLY_ACTIVE_ARCH = YES;
				SDKROOT = iphoneos;
				SWIFT_ACTIVE_COMPILATION_CONDITIONS = DEBUG;
				SWIFT_OPTIMIZATION_LEVEL = "-Onone";
			};
			name = Debug;
		};
		EC1B34A42587750100602F24 /* Release */ = {
			isa = XCBuildConfiguration;
			buildSettings = {
				ALWAYS_SEARCH_USER_PATHS = NO;
				CLANG_ANALYZER_NONNULL = YES;
				CLANG_ANALYZER_NUMBER_OBJECT_CONVERSION = YES_AGGRESSIVE;
				CLANG_CXX_LANGUAGE_STANDARD = "gnu++14";
				CLANG_CXX_LIBRARY = "libc++";
				CLANG_ENABLE_MODULES = YES;
				CLANG_ENABLE_OBJC_ARC = YES;
				CLANG_ENABLE_OBJC_WEAK = YES;
				CLANG_WARN_BLOCK_CAPTURE_AUTORELEASING = YES;
				CLANG_WARN_BOOL_CONVERSION = YES;
				CLANG_WARN_COMMA = YES;
				CLANG_WARN_CONSTANT_CONVERSION = YES;
				CLANG_WARN_DEPRECATED_OBJC_IMPLEMENTATIONS = YES;
				CLANG_WARN_DIRECT_OBJC_ISA_USAGE = YES_ERROR;
				CLANG_WARN_DOCUMENTATION_COMMENTS = YES;
				CLANG_WARN_EMPTY_BODY = YES;
				CLANG_WARN_ENUM_CONVERSION = YES;
				CLANG_WARN_INFINITE_RECURSION = YES;
				CLANG_WARN_INT_CONVERSION = YES;
				CLANG_WARN_NON_LITERAL_NULL_CONVERSION = YES;
				CLANG_WARN_OBJC_IMPLICIT_RETAIN_SELF = YES;
				CLANG_WARN_OBJC_LITERAL_CONVERSION = YES;
				CLANG_WARN_OBJC_ROOT_CLASS = YES_ERROR;
				CLANG_WARN_QUOTED_INCLUDE_IN_FRAMEWORK_HEADER = YES;
				CLANG_WARN_RANGE_LOOP_ANALYSIS = YES;
				CLANG_WARN_STRICT_PROTOTYPES = YES;
				CLANG_WARN_SUSPICIOUS_MOVE = YES;
				CLANG_WARN_UNGUARDED_AVAILABILITY = YES_AGGRESSIVE;
				CLANG_WARN_UNREACHABLE_CODE = YES;
				CLANG_WARN__DUPLICATE_METHOD_MATCH = YES;
				COPY_PHASE_STRIP = NO;
				DEBUG_INFORMATION_FORMAT = "dwarf-with-dsym";
				ENABLE_NS_ASSERTIONS = NO;
				ENABLE_STRICT_OBJC_MSGSEND = YES;
				GCC_C_LANGUAGE_STANDARD = gnu11;
				GCC_NO_COMMON_BLOCKS = YES;
				GCC_WARN_64_TO_32_BIT_CONVERSION = YES;
				GCC_WARN_ABOUT_RETURN_TYPE = YES_ERROR;
				GCC_WARN_UNDECLARED_SELECTOR = YES;
				GCC_WARN_UNINITIALIZED_AUTOS = YES_AGGRESSIVE;
				GCC_WARN_UNUSED_FUNCTION = YES;
				GCC_WARN_UNUSED_VARIABLE = YES;
				IPHONEOS_DEPLOYMENT_TARGET = 14.2;
				MTL_ENABLE_DEBUG_INFO = NO;
				MTL_FAST_MATH = YES;
				SDKROOT = iphoneos;
				SWIFT_COMPILATION_MODE = wholemodule;
				SWIFT_OPTIMIZATION_LEVEL = "-O";
				VALIDATE_PRODUCT = YES;
			};
			name = Release;
		};
		EC1B34A62587750100602F24 /* Debug */ = {
			isa = XCBuildConfiguration;
			baseConfigurationReference = F8EA4CCC4105A6290DB06DF1 /* Pods-projet.debug.xcconfig */;
			buildSettings = {
				ASSETCATALOG_COMPILER_APPICON_NAME = AppIcon;
				ASSETCATALOG_COMPILER_GLOBAL_ACCENT_COLOR_NAME = AccentColor;
				CODE_SIGN_STYLE = Automatic;
				INFOPLIST_FILE = projet/Info.plist;
				LD_RUNPATH_SEARCH_PATHS = (
					"$(inherited)",
					"@executable_path/Frameworks",
				);
				PRODUCT_BUNDLE_IDENTIFIER = com.nguyen.projet;
				PRODUCT_NAME = "$(TARGET_NAME)";
				SWIFT_VERSION = 5.0;
				TARGETED_DEVICE_FAMILY = "1,2";
			};
			name = Debug;
		};
		EC1B34A72587750100602F24 /* Release */ = {
			isa = XCBuildConfiguration;
			baseConfigurationReference = 2CEDA23BBC320936419404C3 /* Pods-projet.release.xcconfig */;
			buildSettings = {
				ASSETCATALOG_COMPILER_APPICON_NAME = AppIcon;
				ASSETCATALOG_COMPILER_GLOBAL_ACCENT_COLOR_NAME = AccentColor;
				CODE_SIGN_STYLE = Automatic;
				INFOPLIST_FILE = projet/Info.plist;
				LD_RUNPATH_SEARCH_PATHS = (
					"$(inherited)",
					"@executable_path/Frameworks",
				);
				PRODUCT_BUNDLE_IDENTIFIER = com.nguyen.projet;
				PRODUCT_NAME = "$(TARGET_NAME)";
				SWIFT_VERSION = 5.0;
				TARGETED_DEVICE_FAMILY = "1,2";
			};
			name = Release;
		};
/* End XCBuildConfiguration section */

/* Begin XCConfigurationList section */
		EC1B3489258774FE00602F24 /* Build configuration list for PBXProject "projet" */ = {
			isa = XCConfigurationList;
			buildConfigurations = (
				EC1B34A32587750100602F24 /* Debug */,
				EC1B34A42587750100602F24 /* Release */,
			);
			defaultConfigurationIsVisible = 0;
			defaultConfigurationName = Release;
		};
		EC1B34A52587750100602F24 /* Build configuration list for PBXNativeTarget "projet" */ = {
			isa = XCConfigurationList;
			buildConfigurations = (
				EC1B34A62587750100602F24 /* Debug */,
				EC1B34A72587750100602F24 /* Release */,
			);
			defaultConfigurationIsVisible = 0;
			defaultConfigurationName = Release;
		};
/* End XCConfigurationList section */

/* Begin XCVersionGroup section */
		EC1B349A258774FE00602F24 /* projet.xcdatamodeld */ = {
			isa = XCVersionGroup;
			children = (
				EC1B349B258774FE00602F24 /* projet.xcdatamodel */,
			);
			currentVersion = EC1B349B258774FE00602F24 /* projet.xcdatamodel */;
			path = projet.xcdatamodeld;
			sourceTree = "<group>";
			versionGroupType = wrapper.xcdatamodel;
		};
/* End XCVersionGroup section */
	};
	rootObject = EC1B3486258774FE00602F24 /* Project object */;
}
